{
    "version": 3,
    "terraform_version": "0.11.11",
    "serial": 12,
    "lineage": "e78fb336-65e4-19d7-ac40-586ec8b416f4",
    "modules": [
        {
            "path": [
                "root"
            ],
            "outputs": {},
            "resources": {
                "google_storage_bucket.data-store": {
                    "type": "google_storage_bucket",
                    "depends_on": [],
                    "primary": {
                        "id": "iot-raw-data-sung",
                        "attributes": {
                            "cors.#": "0",
                            "encryption.#": "0",
                            "force_destroy": "false",
                            "id": "iot-raw-data-sung",
                            "labels.%": "1",
                            "labels.version": "demo",
                            "lifecycle_rule.#": "0",
                            "location": "US-CENTRAL1",
                            "logging.#": "0",
                            "name": "iot-raw-data-sung",
                            "project": "iconic-range-220603",
                            "requester_pays": "false",
                            "self_link": "https://www.googleapis.com/storage/v1/b/iot-raw-data-sung",
                            "storage_class": "REGIONAL",
                            "url": "gs://iot-raw-data-sung",
                            "versioning.#": "1",
                            "versioning.0.enabled": "true",
                            "website.#": "1",
                            "website.0.main_page_suffix": "index.html",
                            "website.0.not_found_page": "404.html"
                        },
                        "meta": {},
                        "tainted": false
                    },
                    "deposed": [],
                    "provider": "provider.google"
                },
                "google_storage_bucket.dataflow-staging": {
                    "type": "google_storage_bucket",
                    "depends_on": [],
                    "primary": {
                        "id": "iot-dataflow-stage-sung",
                        "attributes": {
                            "cors.#": "0",
                            "encryption.#": "0",
                            "force_destroy": "false",
                            "id": "iot-dataflow-stage-sung",
                            "labels.%": "1",
                            "labels.version": "demo",
                            "lifecycle_rule.#": "0",
                            "location": "US-CENTRAL1",
                            "logging.#": "0",
                            "name": "iot-dataflow-stage-sung",
                            "project": "iconic-range-220603",
                            "requester_pays": "false",
                            "self_link": "https://www.googleapis.com/storage/v1/b/iot-dataflow-stage-sung",
                            "storage_class": "REGIONAL",
                            "url": "gs://iot-dataflow-stage-sung",
                            "versioning.#": "1",
                            "versioning.0.enabled": "true",
                            "website.#": "1",
                            "website.0.main_page_suffix": "index.html",
                            "website.0.not_found_page": "404.html"
                        },
                        "meta": {},
                        "tainted": false
                    },
                    "deposed": [],
                    "provider": "provider.google"
                }
            },
            "depends_on": []
        }
    ]
}
